
Microsoft Visual Studio Solution File, Format Version 12.00
# Visual Studio Version 17
VisualStudioVersion = 17.12.35527.113
MinimumVisualStudioVersion = 10.0.40219.1
Project("{FAE04EC0-301F-11D3-BF4B-00C04F79EFBC}") = "ClassRoom.Web", "ClassRoom.Web\ClassRoom.Web.csproj", "{34D3F7A9-6AEF-4475-ABFD-8A7D0695B411}"
EndProject
Project("{FAE04EC0-301F-11D3-BF4B-00C04F79EFBC}") = "ClassRoom.Models", "ClassRoom.Models\ClassRoom.Models.csproj", "{342824BE-A410-4605-9C78-4F8ACC49B833}"
EndProject
Project("{FAE04EC0-301F-11D3-BF4B-00C04F79EFBC}") = "ClassRoom.DataAccess", "ClassRoom.DataAccess\ClassRoom.DataAccess.csproj", "{08E641B9-4ED3-454C-84B6-132DF7001A34}"
EndProject
Project("{FAE04EC0-301F-11D3-BF4B-00C04F79EFBC}") = "ClassRoom.Utility", "ClassRoom.Utility\ClassRoom.Utility.csproj", "{070782EF-9907-4B89-BB05-4B98729F6EFC}"
EndProject
Global
	GlobalSection(SolutionConfigurationPlatforms) = preSolution
		Debug|Any CPU = Debug|Any CPU
		Release|Any CPU = Release|Any CPU
	EndGlobalSection
	GlobalSection(ProjectConfigurationPlatforms) = postSolution
		{34D3F7A9-6AEF-4475-ABFD-8A7D0695B411}.Debug|Any CPU.ActiveCfg = Debug|Any CPU
		{34D3F7A9-6AEF-4475-ABFD-8A7D0695B411}.Debug|Any CPU.Build.0 = Debug|Any CPU
		{34D3F7A9-6AEF-4475-ABFD-8A7D0695B411}.Release|Any CPU.ActiveCfg = Release|Any CPU
		{34D3F7A9-6AEF-4475-ABFD-8A7D0695B411}.Release|Any CPU.Build.0 = Release|Any CPU
		{342824BE-A410-4605-9C78-4F8ACC49B833}.Debug|Any CPU.ActiveCfg = Debug|Any CPU
		{342824BE-A410-4605-9C78-4F8ACC49B833}.Debug|Any CPU.Build.0 = Debug|Any CPU
		{342824BE-A410-4605-9C78-4F8ACC49B833}.Release|Any CPU.ActiveCfg = Release|Any CPU
		{342824BE-A410-4605-9C78-4F8ACC49B833}.Release|Any CPU.Build.0 = Release|Any CPU
		{08E641B9-4ED3-454C-84B6-132DF7001A34}.Debug|Any CPU.ActiveCfg = Debug|Any CPU
		{08E641B9-4ED3-454C-84B6-132DF7001A34}.Debug|Any CPU.Build.0 = Debug|Any CPU
		{08E641B9-4ED3-454C-84B6-132DF7001A34}.Release|Any CPU.ActiveCfg = Release|Any CPU
		{08E641B9-4ED3-454C-84B6-132DF7001A34}.Release|Any CPU.Build.0 = Release|Any CPU
		{070782EF-9907-4B89-BB05-4B98729F6EFC}.Debug|Any CPU.ActiveCfg = Debug|Any CPU
		{070782EF-9907-4B89-BB05-4B98729F6EFC}.Debug|Any CPU.Build.0 = Debug|Any CPU
		{070782EF-9907-4B89-BB05-4B98729F6EFC}.Release|Any CPU.ActiveCfg = Release|Any CPU
		{070782EF-9907-4B89-BB05-4B98729F6EFC}.Release|Any CPU.Build.0 = Release|Any CPU
	EndGlobalSection
	GlobalSection(SolutionProperties) = preSolution
		HideSolutionNode = FALSE
	EndGlobalSection
EndGlobal
